
Microsoft Visual Studio Solution File, Format Version 12.00
# Visual Studio Version 16
VisualStudioVersion = 16.0.31702.278
MinimumVisualStudioVersion = 10.0.40219.1
Project("{FAE04EC0-301F-11D3-BF4B-00C04F79EFBC}") = "WebApp", "WebApp\WebApp.csproj", "{6A923307-828A-4E8F-BF4E-EDB98979FA60}"
EndProject
Global
	GlobalSection(SolutionConfigurationPlatforms) = preSolution
		Debug|Any CPU = Debug|Any CPU
		Release|Any CPU = Release|Any CPU
	EndGlobalSection
	GlobalSection(ProjectConfigurationPlatforms) = postSolution
		{6A923307-828A-4E8F-BF4E-EDB98979FA60}.Debug|Any CPU.ActiveCfg = Debug|Any CPU
		{6A923307-828A-4E8F-BF4E-EDB98979FA60}.Debug|Any CPU.Build.0 = Debug|Any CPU
		{6A923307-828A-4E8F-BF4E-EDB98979FA60}.Release|Any CPU.ActiveCfg = Release|Any CPU
		{6A923307-828A-4E8F-BF4E-EDB98979FA60}.Release|Any CPU.Build.0 = Release|Any CPU
	EndGlobalSection
	GlobalSection(SolutionProperties) = preSolution
		HideSolutionNode = FALSE
	EndGlobalSection
	GlobalSection(ExtensibilityGlobals) = postSolution
		SolutionGuid = {25259BB0-22CE-44BB-B9D6-C51220B97306}
	EndGlobalSection
EndGlobal
